
Microsoft Visual Studio Solution File, Format Version 12.00
Project("{2150E333-8FDC-42A3-9474-1A3956D46DE8}") = "src", "src", "{4B212AB6-44AB-4465-B158-C6B875FB54F3}"
EndProject
Project("{FAE04EC0-301F-11D3-BF4B-00C04F79EFBC}") = "X10Archery.Api", "src\X10Archery.Api\X10Archery.Api.csproj", "{0353B7B5-31B2-4E7C-A6B5-4F8494582E88}"
EndProject
Project("{FAE04EC0-301F-11D3-BF4B-00C04F79EFBC}") = "X10Archery.Dal", "src\X10Archery.Dal\X10Archery.Dal.csproj", "{F0973371-8E93-4ED2-9A2A-7E4A2488141D}"
EndProject
Project("{2150E333-8FDC-42A3-9474-1A3956D46DE8}") = "docker files", "docker files", "{0EB80E99-4A95-4966-8E3F-AAE22549BFC8}"
	ProjectSection(SolutionItems) = preProject
		X10Archery.Api.DockerFile = X10Archery.Api.DockerFile
	EndProjectSection
EndProject
Project("{2150E333-8FDC-42A3-9474-1A3956D46DE8}") = ".github", ".github", "{A69DAA64-8B4E-4D70-AE4D-813BF9039497}"
	ProjectSection(SolutionItems) = preProject
		.github\workflows\cicd.yml = .github\workflows\cicd.yml
		.github\pull_request_template.md = .github\pull_request_template.md
	EndProjectSection
EndProject
Project("{2150E333-8FDC-42A3-9474-1A3956D46DE8}") = ".helm", ".helm", "{853BDF82-0FD1-4325-8728-16A57877988E}"
	ProjectSection(SolutionItems) = preProject
		.helm\x10archery-backend.yaml.gotmpl = .helm\x10archery-backend.yaml.gotmpl
		.helm\helmfile.yaml = .helm\helmfile.yaml
	EndProjectSection
EndProject
Project("{2150E333-8FDC-42A3-9474-1A3956D46DE8}") = "app", "app", "{79C99A60-D246-48FD-86A0-B354F7BE35A2}"
	ProjectSection(SolutionItems) = preProject
		.helm\app\Chart.yaml = .helm\app\Chart.yaml
		.helm\app\values.yaml = .helm\app\values.yaml
	EndProjectSection
EndProject
Project("{2150E333-8FDC-42A3-9474-1A3956D46DE8}") = "templates", "templates", "{9761434E-BD38-4464-BCC3-B835EF049F71}"
	ProjectSection(SolutionItems) = preProject
		.helm\app\templates\ingress.yaml = .helm\app\templates\ingress.yaml
		.helm\app\templates\_helpers.tpl = .helm\app\templates\_helpers.tpl
		.helm\app\templates\deployment.yaml = .helm\app\templates\deployment.yaml
		.helm\app\templates\service.yaml = .helm\app\templates\service.yaml
	EndProjectSection
EndProject
Global
	GlobalSection(SolutionConfigurationPlatforms) = preSolution
		Debug|Any CPU = Debug|Any CPU
		Release|Any CPU = Release|Any CPU
	EndGlobalSection
	GlobalSection(ProjectConfigurationPlatforms) = postSolution
		{0353B7B5-31B2-4E7C-A6B5-4F8494582E88}.Debug|Any CPU.ActiveCfg = Debug|Any CPU
		{0353B7B5-31B2-4E7C-A6B5-4F8494582E88}.Debug|Any CPU.Build.0 = Debug|Any CPU
		{0353B7B5-31B2-4E7C-A6B5-4F8494582E88}.Release|Any CPU.ActiveCfg = Release|Any CPU
		{0353B7B5-31B2-4E7C-A6B5-4F8494582E88}.Release|Any CPU.Build.0 = Release|Any CPU
		{F0973371-8E93-4ED2-9A2A-7E4A2488141D}.Debug|Any CPU.ActiveCfg = Debug|Any CPU
		{F0973371-8E93-4ED2-9A2A-7E4A2488141D}.Debug|Any CPU.Build.0 = Debug|Any CPU
		{F0973371-8E93-4ED2-9A2A-7E4A2488141D}.Release|Any CPU.ActiveCfg = Release|Any CPU
		{F0973371-8E93-4ED2-9A2A-7E4A2488141D}.Release|Any CPU.Build.0 = Release|Any CPU
	EndGlobalSection
	GlobalSection(NestedProjects) = preSolution
		{0353B7B5-31B2-4E7C-A6B5-4F8494582E88} = {4B212AB6-44AB-4465-B158-C6B875FB54F3}
		{F0973371-8E93-4ED2-9A2A-7E4A2488141D} = {4B212AB6-44AB-4465-B158-C6B875FB54F3}
		{79C99A60-D246-48FD-86A0-B354F7BE35A2} = {853BDF82-0FD1-4325-8728-16A57877988E}
		{9761434E-BD38-4464-BCC3-B835EF049F71} = {79C99A60-D246-48FD-86A0-B354F7BE35A2}
	EndGlobalSection
EndGlobal
